// !$*UTF8*$!
{
	archiveVersion = 1;
	classes = {
	};
	objectVersion = 50;
	objects = {

/* Begin PBXBuildFile section */
		D616111A25E32CAE00A7CB3D /* TestcollectionViewCell.swift in Sources */ = {isa = PBXBuildFile; fileRef = D616111925E32CAE00A7CB3D /* TestcollectionViewCell.swift */; };
		D689723925E2A10A0079D450 /* AppDelegate.swift in Sources */ = {isa = PBXBuildFile; fileRef = D689723825E2A10A0079D450 /* AppDelegate.swift */; };
		D689723B25E2A10A0079D450 /* SceneDelegate.swift in Sources */ = {isa = PBXBuildFile; fileRef = D689723A25E2A10A0079D450 /* SceneDelegate.swift */; };
		D689723D25E2A10A0079D450 /* TestUICollectionViewVC.swift in Sources */ = {isa = PBXBuildFile; fileRef = D689723C25E2A10A0079D450 /* TestUICollectionViewVC.swift */; };
		D689724025E2A10A0079D450 /* Main.storyboard in Resources */ = {isa = PBXBuildFile; fileRef = D689723E25E2A10A0079D450 /* Main.storyboard */; };
		D689724225E2A10B0079D450 /* Assets.xcassets in Resources */ = {isa = PBXBuildFile; fileRef = D689724125E2A10B0079D450 /* Assets.xcassets */; };
		D689724525E2A10B0079D450 /* LaunchScreen.storyboard in Resources */ = {isa = PBXBuildFile; fileRef = D689724325E2A10B0079D450 /* LaunchScreen.storyboard */; };
		D6F2986D28A0C0890012347E /* VC_Image_ReOrdered.swift in Sources */ = {isa = PBXBuildFile; fileRef = D6F2986C28A0C0890012347E /* VC_Image_ReOrdered.swift */; };
		D6F2986F28A0C0AA0012347E /* VC_Image_ReOrdered_CollectionCell.swift in Sources */ = {isa = PBXBuildFile; fileRef = D6F2986E28A0C0AA0012347E /* VC_Image_ReOrdered_CollectionCell.swift */; };
/* End PBXBuildFile section */

/* Begin PBXFileReference section */
		D616111925E32CAE00A7CB3D /* TestcollectionViewCell.swift */ = {isa = PBXFileReference; lastKnownFileType = sourcecode.swift; path = TestcollectionViewCell.swift; sourceTree = "<group>"; };
		D689723525E2A10A0079D450 /* TestCollection.app */ = {isa = PBXFileReference; explicitFileType = wrapper.application; includeInIndex = 0; path = TestCollection.app; sourceTree = BUILT_PRODUCTS_DIR; };
		D689723825E2A10A0079D450 /* AppDelegate.swift */ = {isa = PBXFileReference; lastKnownFileType = sourcecode.swift; path = AppDelegate.swift; sourceTree = "<group>"; };
		D689723A25E2A10A0079D450 /* SceneDelegate.swift */ = {isa = PBXFileReference; lastKnownFileType = sourcecode.swift; path = SceneDelegate.swift; sourceTree = "<group>"; };
		D689723C25E2A10A0079D450 /* TestUICollectionViewVC.swift */ = {isa = PBXFileReference; lastKnownFileType = sourcecode.swift; path = TestUICollectionViewVC.swift; sourceTree = "<group>"; };
		D689723F25E2A10A0079D450 /* Base */ = {isa = PBXFileReference; lastKnownFileType = file.storyboard; name = Base; path = Base.lproj/Main.storyboard; sourceTree = "<group>"; };
		D689724125E2A10B0079D450 /* Assets.xcassets */ = {isa = PBXFileReference; lastKnownFileType = folder.assetcatalog; path = Assets.xcassets; sourceTree = "<group>"; };
		D689724425E2A10B0079D450 /* Base */ = {isa = PBXFileReference; lastKnownFileType = file.storyboard; name = Base; path = Base.lproj/LaunchScreen.storyboard; sourceTree = "<group>"; };
		D689724625E2A10B0079D450 /* Info.plist */ = {isa = PBXFileReference; lastKnownFileType = text.plist.xml; path = Info.plist; sourceTree = "<group>"; };
		D6F2986C28A0C0890012347E /* VC_Image_ReOrdered.swift */ = {isa = PBXFileReference; lastKnownFileType = sourcecode.swift; path = VC_Image_ReOrdered.swift; sourceTree = "<group>"; };
		D6F2986E28A0C0AA0012347E /* VC_Image_ReOrdered_CollectionCell.swift */ = {isa = PBXFileReference; lastKnownFileType = sourcecode.swift; path = VC_Image_ReOrdered_CollectionCell.swift; sourceTree = "<group>"; };
/* End PBXFileReference section */

/* Begin PBXFrameworksBuildPhase section */
		D689723225E2A10A0079D450 /* Frameworks */ = {
			isa = PBXFrameworksBuildPhase;
			buildActionMask = 2147483647;
			files = (
			);
			runOnlyForDeploymentPostprocessing = 0;
		};
/* End PBXFrameworksBuildPhase section */

/* Begin PBXGroup section */
		D689722C25E2A10A0079D450 = {
			isa = PBXGroup;
			children = (
				D689723725E2A10A0079D450 /* TestCollection */,
				D689723625E2A10A0079D450 /* Products */,
			);
			sourceTree = "<group>";
		};
		D689723625E2A10A0079D450 /* Products */ = {
			isa = PBXGroup;
			children = (
				D689723525E2A10A0079D450 /* TestCollection.app */,
			);
			name = Products;
			sourceTree = "<group>";
		};
		D689723725E2A10A0079D450 /* TestCollection */ = {
			isa = PBXGroup;
			children = (
				D6F2987028A0C1520012347E /* 0.SB */,
				D6F2986A28A0C05D0012347E /* 1.Base */,
				D6F2986B28A0C0670012347E /* 2.Image_ReOrdered */,
				D6F2987128A0C16D0012347E /* AppDelegate */,
				D689724125E2A10B0079D450 /* Assets.xcassets */,
				D689724625E2A10B0079D450 /* Info.plist */,
			);
			path = TestCollection;
			sourceTree = "<group>";
		};
		D6F2986A28A0C05D0012347E /* 1.Base */ = {
			isa = PBXGroup;
			children = (
				D689723C25E2A10A0079D450 /* TestUICollectionViewVC.swift */,
				D616111925E32CAE00A7CB3D /* TestcollectionViewCell.swift */,
			);
			path = 1.Base;
			sourceTree = "<group>";
		};
		D6F2986B28A0C0670012347E /* 2.Image_ReOrdered */ = {
			isa = PBXGroup;
			children = (
				D6F2986C28A0C0890012347E /* VC_Image_ReOrdered.swift */,
				D6F2986E28A0C0AA0012347E /* VC_Image_ReOrdered_CollectionCell.swift */,
			);
			path = 2.Image_ReOrdered;
			sourceTree = "<group>";
		};
		D6F2987028A0C1520012347E /* 0.SB */ = {
			isa = PBXGroup;
			children = (
				D689724325E2A10B0079D450 /* LaunchScreen.storyboard */,
				D689723E25E2A10A0079D450 /* Main.storyboard */,
			);
			path = 0.SB;
			sourceTree = "<group>";
		};
		D6F2987128A0C16D0012347E /* AppDelegate */ = {
			isa = PBXGroup;
			children = (
				D689723825E2A10A0079D450 /* AppDelegate.swift */,
				D689723A25E2A10A0079D450 /* SceneDelegate.swift */,
			);
			path = AppDelegate;
			sourceTree = "<group>";
		};
/* End PBXGroup section */

/* Begin PBXNativeTarget section */
		D689723425E2A10A0079D450 /* TestCollection */ = {
			isa = PBXNativeTarget;
			buildConfigurationList = D689724925E2A10B0079D450 /* Build configuration list for PBXNativeTarget "TestCollection" */;
			buildPhases = (
				D689723125E2A10A0079D450 /* Sources */,
				D689723225E2A10A0079D450 /* Frameworks */,
				D689723325E2A10A0079D450 /* Resources */,
			);
			buildRules = (
			);
			dependencies = (
			);
			name = TestCollection;
			productName = TestCollection;
			productReference = D689723525E2A10A0079D450 /* TestCollection.app */;
			productType = "com.apple.product-type.application";
		};
/* End PBXNativeTarget section */

/* Begin PBXProject section */
		D689722D25E2A10A0079D450 /* Project object */ = {
			isa = PBXProject;
			attributes = {
				LastSwiftUpdateCheck = 1240;
				LastUpgradeCheck = 1240;
				TargetAttributes = {
					D689723425E2A10A0079D450 = {
						CreatedOnToolsVersion = 12.4;
					};
				};
			};
			buildConfigurationList = D689723025E2A10A0079D450 /* Build configuration list for PBXProject "TestCollection" */;
			compatibilityVersion = "Xcode 9.3";
			developmentRegion = en;
			hasScannedForEncodings = 0;
			knownRegions = (
				en,
				Base,
			);
			mainGroup = D689722C25E2A10A0079D450;
			productRefGroup = D689723625E2A10A0079D450 /* Products */;
			projectDirPath = "";
			projectRoot = "";
			targets = (
				D689723425E2A10A0079D450 /* TestCollection */,
			);
		};
/* End PBXProject section */

/* Begin PBXResourcesBuildPhase section */
		D689723325E2A10A0079D450 /* Resources */ = {
			isa = PBXResourcesBuildPhase;
			buildActionMask = 2147483647;
			files = (
				D689724525E2A10B0079D450 /* LaunchScreen.storyboard in Resources */,
				D689724225E2A10B0079D450 /* Assets.xcassets in Resources */,
				D689724025E2A10A0079D450 /* Main.storyboard in Resources */,
			);
			runOnlyForDeploymentPostprocessing = 0;
		};
/* End PBXResourcesBuildPhase section */

/* Begin PBXSourcesBuildPhase section */
		D689723125E2A10A0079D450 /* Sources */ = {
			isa = PBXSourcesBuildPhase;
			buildActionMask = 2147483647;
			files = (
				D689723D25E2A10A0079D450 /* TestUICollectionViewVC.swift in Sources */,
				D6F2986F28A0C0AA0012347E /* VC_Image_ReOrdered_CollectionCell.swift in Sources */,
				D689723925E2A10A0079D450 /* AppDelegate.swift in Sources */,
				D616111A25E32CAE00A7CB3D /* TestcollectionViewCell.swift in Sources */,
				D6F2986D28A0C0890012347E /* VC_Image_ReOrdered.swift in Sources */,
				D689723B25E2A10A0079D450 /* SceneDelegate.swift in Sources */,
			);
			runOnlyForDeploymentPostprocessing = 0;
		};
/* End PBXSourcesBuildPhase section */

/* Begin PBXVariantGroup section */
		D689723E25E2A10A0079D450 /* Main.storyboard */ = {
			isa = PBXVariantGroup;
			children = (
				D689723F25E2A10A0079D450 /* Base */,
			);
			name = Main.storyboard;
			sourceTree = "<group>";
		};
		D689724325E2A10B0079D450 /* LaunchScreen.storyboard */ = {
			isa = PBXVariantGroup;
			children = (
				D689724425E2A10B0079D450 /* Base */,
			);
			name = LaunchScreen.storyboard;
			sourceTree = "<group>";
		};
/* End PBXVariantGroup section */

/* Begin XCBuildConfiguration section */
		D689724725E2A10B0079D450 /* Debug */ = {
			isa = XCBuildConfiguration;
			buildSettings = {
				ALWAYS_SEARCH_USER_PATHS = NO;
				CLANG_ANALYZER_NONNULL = YES;
				CLANG_ANALYZER_NUMBER_OBJECT_CONVERSION = YES_AGGRESSIVE;
				CLANG_CXX_LANGUAGE_STANDARD = "gnu++14";
				CLANG_CXX_LIBRARY = "libc++";
				CLANG_ENABLE_MODULES = YES;
				CLANG_ENABLE_OBJC_ARC = YES;
				CLANG_ENABLE_OBJC_WEAK = YES;
				CLANG_WARN_BLOCK_CAPTURE_AUTORELEASING = YES;
				CLANG_WARN_BOOL_CONVERSION = YES;
				CLANG_WARN_COMMA = YES;
				CLANG_WARN_CONSTANT_CONVERSION = YES;
				CLANG_WARN_DEPRECATED_OBJC_IMPLEMENTATIONS = YES;
				CLANG_WARN_DIRECT_OBJC_ISA_USAGE = YES_ERROR;
				CLANG_WARN_DOCUMENTATION_COMMENTS = YES;
				CLANG_WARN_EMPTY_BODY = YES;
				CLANG_WARN_ENUM_CONVERSION = YES;
				CLANG_WARN_INFINITE_RECURSION = YES;
				CLANG_WARN_INT_CONVERSION = YES;
				CLANG_WARN_NON_LITERAL_NULL_CONVERSION = YES;
				CLANG_WARN_OBJC_IMPLICIT_RETAIN_SELF = YES;
				CLANG_WARN_OBJC_LITERAL_CONVERSION = YES;
				CLANG_WARN_OBJC_ROOT_CLASS = YES_ERROR;
				CLANG_WARN_QUOTED_INCLUDE_IN_FRAMEWORK_HEADER = YES;
				CLANG_WARN_RANGE_LOOP_ANALYSIS = YES;
				CLANG_WARN_STRICT_PROTOTYPES = YES;
				CLANG_WARN_SUSPICIOUS_MOVE = YES;
				CLANG_WARN_UNGUARDED_AVAILABILITY = YES_AGGRESSIVE;
				CLANG_WARN_UNREACHABLE_CODE = YES;
				CLANG_WARN__DUPLICATE_METHOD_MATCH = YES;
				COPY_PHASE_STRIP = NO;
				DEBUG_INFORMATION_FORMAT = dwarf;
				ENABLE_STRICT_OBJC_MSGSEND = YES;
				ENABLE_TESTABILITY = YES;
				GCC_C_LANGUAGE_STANDARD = gnu11;
				GCC_DYNAMIC_NO_PIC = NO;
				GCC_NO_COMMON_BLOCKS = YES;
				GCC_OPTIMIZATION_LEVEL = 0;
				GCC_PREPROCESSOR_DEFINITIONS = (
					"DEBUG=1",
					"$(inherited)",
				);
				GCC_WARN_64_TO_32_BIT_CONVERSION = YES;
				GCC_WARN_ABOUT_RETURN_TYPE = YES_ERROR;
				GCC_WARN_UNDECLARED_SELECTOR = YES;
				GCC_WARN_UNINITIALIZED_AUTOS = YES_AGGRESSIVE;
				GCC_WARN_UNUSED_FUNCTION = YES;
				GCC_WARN_UNUSED_VARIABLE = YES;
				IPHONEOS_DEPLOYMENT_TARGET = 14.4;
				MTL_ENABLE_DEBUG_INFO = INCLUDE_SOURCE;
				MTL_FAST_MATH = YES;
				ONLY_ACTIVE_ARCH = YES;
				SDKROOT = iphoneos;
				SWIFT_ACTIVE_COMPILATION_CONDITIONS = DEBUG;
				SWIFT_OPTIMIZATION_LEVEL = "-Onone";
			};
			name = Debug;
		};
		D689724825E2A10B0079D450 /* Release */ = {
			isa = XCBuildConfiguration;
			buildSettings = {
				ALWAYS_SEARCH_USER_PATHS = NO;
				CLANG_ANALYZER_NONNULL = YES;
				CLANG_ANALYZER_NUMBER_OBJECT_CONVERSION = YES_AGGRESSIVE;
				CLANG_CXX_LANGUAGE_STANDARD = "gnu++14";
				CLANG_CXX_LIBRARY = "libc++";
				CLANG_ENABLE_MODULES = YES;
				CLANG_ENABLE_OBJC_ARC = YES;
				CLANG_ENABLE_OBJC_WEAK = YES;
				CLANG_WARN_BLOCK_CAPTURE_AUTORELEASING = YES;
				CLANG_WARN_BOOL_CONVERSION = YES;
				CLANG_WARN_COMMA = YES;
				CLANG_WARN_CONSTANT_CONVERSION = YES;
				CLANG_WARN_DEPRECATED_OBJC_IMPLEMENTATIONS = YES;
				CLANG_WARN_DIRECT_OBJC_ISA_USAGE = YES_ERROR;
				CLANG_WARN_DOCUMENTATION_COMMENTS = YES;
				CLANG_WARN_EMPTY_BODY = YES;
				CLANG_WARN_ENUM_CONVERSION = YES;
				CLANG_WARN_INFINITE_RECURSION = YES;
				CLANG_WARN_INT_CONVERSION = YES;
				CLANG_WARN_NON_LITERAL_NULL_CONVERSION = YES;
				CLANG_WARN_OBJC_IMPLICIT_RETAIN_SELF = YES;
				CLANG_WARN_OBJC_LITERAL_CONVERSION = YES;
				CLANG_WARN_OBJC_ROOT_CLASS = YES_ERROR;
				CLANG_WARN_QUOTED_INCLUDE_IN_FRAMEWORK_HEADER = YES;
				CLANG_WARN_RANGE_LOOP_ANALYSIS = YES;
				CLANG_WARN_STRICT_PROTOTYPES = YES;
				CLANG_WARN_SUSPICIOUS_MOVE = YES;
				CLANG_WARN_UNGUARDED_AVAILABILITY = YES_AGGRESSIVE;
				CLANG_WARN_UNREACHABLE_CODE = YES;
				CLANG_WARN__DUPLICATE_METHOD_MATCH = YES;
				COPY_PHASE_STRIP = NO;
				DEBUG_INFORMATION_FORMAT = "dwarf-with-dsym";
				ENABLE_NS_ASSERTIONS = NO;
				ENABLE_STRICT_OBJC_MSGSEND = YES;
				GCC_C_LANGUAGE_STANDARD = gnu11;
				GCC_NO_COMMON_BLOCKS = YES;
				GCC_WARN_64_TO_32_BIT_CONVERSION = YES;
				GCC_WARN_ABOUT_RETURN_TYPE = YES_ERROR;
				GCC_WARN_UNDECLARED_SELECTOR = YES;
				GCC_WARN_UNINITIALIZED_AUTOS = YES_AGGRESSIVE;
				GCC_WARN_UNUSED_FUNCTION = YES;
				GCC_WARN_UNUSED_VARIABLE = YES;
				IPHONEOS_DEPLOYMENT_TARGET = 14.4;
				MTL_ENABLE_DEBUG_INFO = NO;
				MTL_FAST_MATH = YES;
				SDKROOT = iphoneos;
				SWIFT_COMPILATION_MODE = wholemodule;
				SWIFT_OPTIMIZATION_LEVEL = "-O";
				VALIDATE_PRODUCT = YES;
			};
			name = Release;
		};
		D689724A25E2A10B0079D450 /* Debug */ = {
			isa = XCBuildConfiguration;
			buildSettings = {
				ASSETCATALOG_COMPILER_APPICON_NAME = AppIcon;
				ASSETCATALOG_COMPILER_GLOBAL_ACCENT_COLOR_NAME = AccentColor;
				CODE_SIGN_STYLE = Automatic;
				DEVELOPMENT_TEAM = 9GZYHL8TWB;
				INFOPLIST_FILE = TestCollection/Info.plist;
				LD_RUNPATH_SEARCH_PATHS = (
					"$(inherited)",
					"@executable_path/Frameworks",
				);
				PRODUCT_BUNDLE_IDENTIFIER = com.xyztech.TestCollection;
				PRODUCT_NAME = "$(TARGET_NAME)";
				SWIFT_VERSION = 5.0;
				TARGETED_DEVICE_FAMILY = "1,2";
			};
			name = Debug;
		};
		D689724B25E2A10B0079D450 /* Release */ = {
			isa = XCBuildConfiguration;
			buildSettings = {
				ASSETCATALOG_COMPILER_APPICON_NAME = AppIcon;
				ASSETCATALOG_COMPILER_GLOBAL_ACCENT_COLOR_NAME = AccentColor;
				CODE_SIGN_STYLE = Automatic;
				DEVELOPMENT_TEAM = 9GZYHL8TWB;
				INFOPLIST_FILE = TestCollection/Info.plist;
				LD_RUNPATH_SEARCH_PATHS = (
					"$(inherited)",
					"@executable_path/Frameworks",
				);
				PRODUCT_BUNDLE_IDENTIFIER = com.xyztech.TestCollection;
				PRODUCT_NAME = "$(TARGET_NAME)";
				SWIFT_VERSION = 5.0;
				TARGETED_DEVICE_FAMILY = "1,2";
			};
			name = Release;
		};
/* End XCBuildConfiguration section */

/* Begin XCConfigurationList section */
		D689723025E2A10A0079D450 /* Build configuration list for PBXProject "TestCollection" */ = {
			isa = XCConfigurationList;
			buildConfigurations = (
				D689724725E2A10B0079D450 /* Debug */,
				D689724825E2A10B0079D450 /* Release */,
			);
			defaultConfigurationIsVisible = 0;
			defaultConfigurationName = Release;
		};
		D689724925E2A10B0079D450 /* Build configuration list for PBXNativeTarget "TestCollection" */ = {
			isa = XCConfigurationList;
			buildConfigurations = (
				D689724A25E2A10B0079D450 /* Debug */,
				D689724B25E2A10B0079D450 /* Release */,
			);
			defaultConfigurationIsVisible = 0;
			defaultConfigurationName = Release;
		};
/* End XCConfigurationList section */
	};
	rootObject = D689722D25E2A10A0079D450 /* Project object */;
}
